
Microsoft Visual Studio Solution File, Format Version 12.00
Project("{FAE04EC0-301F-11D3-BF4B-00C04F79EFBC}") = "MinApiEssential", "MinApiEssential\MinApiEssential.csproj", "{EC994379-CF6E-45EE-AE7A-59C70E1676F9}"
EndProject
Global
	GlobalSection(SolutionConfigurationPlatforms) = preSolution
		Debug|Any CPU = Debug|Any CPU
		Release|Any CPU = Release|Any CPU
	EndGlobalSection
	GlobalSection(ProjectConfigurationPlatforms) = postSolution
		{EC994379-CF6E-45EE-AE7A-59C70E1676F9}.Debug|Any CPU.ActiveCfg = Debug|Any CPU
		{EC994379-CF6E-45EE-AE7A-59C70E1676F9}.Debug|Any CPU.Build.0 = Debug|Any CPU
		{EC994379-CF6E-45EE-AE7A-59C70E1676F9}.Release|Any CPU.ActiveCfg = Release|Any CPU
		{EC994379-CF6E-45EE-AE7A-59C70E1676F9}.Release|Any CPU.Build.0 = Release|Any CPU
	EndGlobalSection
EndGlobal
